// !$*UTF8*$!
{
	archiveVersion = 1;
	classes = {
	};
	objectVersion = 56;
	objects = {

/* Begin PBXBuildFile section */
		432C56E62AE1439000240053 /* GeneralSurgeryApp.swift in Sources */ = {isa = PBXBuildFile; fileRef = 432C56E52AE1439000240053 /* GeneralSurgeryApp.swift */; };
		432C56E82AE1439000240053 /* ContentView.swift in Sources */ = {isa = PBXBuildFile; fileRef = 432C56E72AE1439000240053 /* ContentView.swift */; };
		432C56EA2AE1439100240053 /* Assets.xcassets in Resources */ = {isa = PBXBuildFile; fileRef = 432C56E92AE1439100240053 /* Assets.xcassets */; };
		432C56EE2AE1439100240053 /* Preview Assets.xcassets in Resources */ = {isa = PBXBuildFile; fileRef = 432C56ED2AE1439100240053 /* Preview Assets.xcassets */; };
		432C56F82AE1439100240053 /* GeneralSurgeryTests.swift in Sources */ = {isa = PBXBuildFile; fileRef = 432C56F72AE1439100240053 /* GeneralSurgeryTests.swift */; };
		432C57022AE1439100240053 /* GeneralSurgeryUITests.swift in Sources */ = {isa = PBXBuildFile; fileRef = 432C57012AE1439100240053 /* GeneralSurgeryUITests.swift */; };
		432C57042AE1439100240053 /* GeneralSurgeryUITestsLaunchTests.swift in Sources */ = {isa = PBXBuildFile; fileRef = 432C57032AE1439100240053 /* GeneralSurgeryUITestsLaunchTests.swift */; };
		432C57122AE1442B00240053 /* LoremSwiftum in Frameworks */ = {isa = PBXBuildFile; productRef = 432C57112AE1442B00240053 /* LoremSwiftum */; };
		432C57142AE162F700240053 /* DetailedView.swift in Sources */ = {isa = PBXBuildFile; fileRef = 432C57132AE162F700240053 /* DetailedView.swift */; };
/* End PBXBuildFile section */

/* Begin PBXContainerItemProxy section */
		432C56F42AE1439100240053 /* PBXContainerItemProxy */ = {
			isa = PBXContainerItemProxy;
			containerPortal = 432C56DA2AE1439000240053 /* Project object */;
			proxyType = 1;
			remoteGlobalIDString = 432C56E12AE1439000240053;
			remoteInfo = GeneralSurgery;
		};
		432C56FE2AE1439100240053 /* PBXContainerItemProxy */ = {
			isa = PBXContainerItemProxy;
			containerPortal = 432C56DA2AE1439000240053 /* Project object */;
			proxyType = 1;
			remoteGlobalIDString = 432C56E12AE1439000240053;
			remoteInfo = GeneralSurgery;
		};
/* End PBXContainerItemProxy section */

/* Begin PBXFileReference section */
		432C56E22AE1439000240053 /* GeneralSurgery.app */ = {isa = PBXFileReference; explicitFileType = wrapper.application; includeInIndex = 0; path = GeneralSurgery.app; sourceTree = BUILT_PRODUCTS_DIR; };
		432C56E52AE1439000240053 /* GeneralSurgeryApp.swift */ = {isa = PBXFileReference; lastKnownFileType = sourcecode.swift; path = GeneralSurgeryApp.swift; sourceTree = "<group>"; };
		432C56E72AE1439000240053 /* ContentView.swift */ = {isa = PBXFileReference; lastKnownFileType = sourcecode.swift; path = ContentView.swift; sourceTree = "<group>"; };
		432C56E92AE1439100240053 /* Assets.xcassets */ = {isa = PBXFileReference; lastKnownFileType = folder.assetcatalog; path = Assets.xcassets; sourceTree = "<group>"; };
		432C56EB2AE1439100240053 /* GeneralSurgery.entitlements */ = {isa = PBXFileReference; lastKnownFileType = text.plist.entitlements; path = GeneralSurgery.entitlements; sourceTree = "<group>"; };
		432C56ED2AE1439100240053 /* Preview Assets.xcassets */ = {isa = PBXFileReference; lastKnownFileType = folder.assetcatalog; path = "Preview Assets.xcassets"; sourceTree = "<group>"; };
		432C56F32AE1439100240053 /* GeneralSurgeryTests.xctest */ = {isa = PBXFileReference; explicitFileType = wrapper.cfbundle; includeInIndex = 0; path = GeneralSurgeryTests.xctest; sourceTree = BUILT_PRODUCTS_DIR; };
		432C56F72AE1439100240053 /* GeneralSurgeryTests.swift */ = {isa = PBXFileReference; lastKnownFileType = sourcecode.swift; path = GeneralSurgeryTests.swift; sourceTree = "<group>"; };
		432C56FD2AE1439100240053 /* GeneralSurgeryUITests.xctest */ = {isa = PBXFileReference; explicitFileType = wrapper.cfbundle; includeInIndex = 0; path = GeneralSurgeryUITests.xctest; sourceTree = BUILT_PRODUCTS_DIR; };
		432C57012AE1439100240053 /* GeneralSurgeryUITests.swift */ = {isa = PBXFileReference; lastKnownFileType = sourcecode.swift; path = GeneralSurgeryUITests.swift; sourceTree = "<group>"; };
		432C57032AE1439100240053 /* GeneralSurgeryUITestsLaunchTests.swift */ = {isa = PBXFileReference; lastKnownFileType = sourcecode.swift; path = GeneralSurgeryUITestsLaunchTests.swift; sourceTree = "<group>"; };
		432C57132AE162F700240053 /* DetailedView.swift */ = {isa = PBXFileReference; lastKnownFileType = sourcecode.swift; path = DetailedView.swift; sourceTree = "<group>"; };
/* End PBXFileReference section */

/* Begin PBXFrameworksBuildPhase section */
		432C56DF2AE1439000240053 /* Frameworks */ = {
			isa = PBXFrameworksBuildPhase;
			buildActionMask = 2147483647;
			files = (
				432C57122AE1442B00240053 /* LoremSwiftum in Frameworks */,
			);
			runOnlyForDeploymentPostprocessing = 0;
		};
		432C56F02AE1439100240053 /* Frameworks */ = {
			isa = PBXFrameworksBuildPhase;
			buildActionMask = 2147483647;
			files = (
			);
			runOnlyForDeploymentPostprocessing = 0;
		};
		432C56FA2AE1439100240053 /* Frameworks */ = {
			isa = PBXFrameworksBuildPhase;
			buildActionMask = 2147483647;
			files = (
			);
			runOnlyForDeploymentPostprocessing = 0;
		};
/* End PBXFrameworksBuildPhase section */

/* Begin PBXGroup section */
		432C56D92AE1439000240053 = {
			isa = PBXGroup;
			children = (
				432C56E42AE1439000240053 /* GeneralSurgery */,
				432C56F62AE1439100240053 /* GeneralSurgeryTests */,
				432C57002AE1439100240053 /* GeneralSurgeryUITests */,
				432C56E32AE1439000240053 /* Products */,
			);
			sourceTree = "<group>";
		};
		432C56E32AE1439000240053 /* Products */ = {
			isa = PBXGroup;
			children = (
				432C56E22AE1439000240053 /* GeneralSurgery.app */,
				432C56F32AE1439100240053 /* GeneralSurgeryTests.xctest */,
				432C56FD2AE1439100240053 /* GeneralSurgeryUITests.xctest */,
			);
			name = Products;
			sourceTree = "<group>";
		};
		432C56E42AE1439000240053 /* GeneralSurgery */ = {
			isa = PBXGroup;
			children = (
				432C57132AE162F700240053 /* DetailedView.swift */,
				432C56E52AE1439000240053 /* GeneralSurgeryApp.swift */,
				432C56E72AE1439000240053 /* ContentView.swift */,
				432C56E92AE1439100240053 /* Assets.xcassets */,
				432C56EB2AE1439100240053 /* GeneralSurgery.entitlements */,
				432C56EC2AE1439100240053 /* Preview Content */,
			);
			path = GeneralSurgery;
			sourceTree = "<group>";
		};
		432C56EC2AE1439100240053 /* Preview Content */ = {
			isa = PBXGroup;
			children = (
				432C56ED2AE1439100240053 /* Preview Assets.xcassets */,
			);
			path = "Preview Content";
			sourceTree = "<group>";
		};
		432C56F62AE1439100240053 /* GeneralSurgeryTests */ = {
			isa = PBXGroup;
			children = (
				432C56F72AE1439100240053 /* GeneralSurgeryTests.swift */,
			);
			path = GeneralSurgeryTests;
			sourceTree = "<group>";
		};
		432C57002AE1439100240053 /* GeneralSurgeryUITests */ = {
			isa = PBXGroup;
			children = (
				432C57012AE1439100240053 /* GeneralSurgeryUITests.swift */,
				432C57032AE1439100240053 /* GeneralSurgeryUITestsLaunchTests.swift */,
			);
			path = GeneralSurgeryUITests;
			sourceTree = "<group>";
		};
/* End PBXGroup section */

/* Begin PBXNativeTarget section */
		432C56E12AE1439000240053 /* GeneralSurgery */ = {
			isa = PBXNativeTarget;
			buildConfigurationList = 432C57072AE1439100240053 /* Build configuration list for PBXNativeTarget "GeneralSurgery" */;
			buildPhases = (
				432C56DE2AE1439000240053 /* Sources */,
				432C56DF2AE1439000240053 /* Frameworks */,
				432C56E02AE1439000240053 /* Resources */,
			);
			buildRules = (
			);
			dependencies = (
			);
			name = GeneralSurgery;
			packageProductDependencies = (
				432C57112AE1442B00240053 /* LoremSwiftum */,
			);
			productName = GeneralSurgery;
			productReference = 432C56E22AE1439000240053 /* GeneralSurgery.app */;
			productType = "com.apple.product-type.application";
		};
		432C56F22AE1439100240053 /* GeneralSurgeryTests */ = {
			isa = PBXNativeTarget;
			buildConfigurationList = 432C570A2AE1439100240053 /* Build configuration list for PBXNativeTarget "GeneralSurgeryTests" */;
			buildPhases = (
				432C56EF2AE1439100240053 /* Sources */,
				432C56F02AE1439100240053 /* Frameworks */,
				432C56F12AE1439100240053 /* Resources */,
			);
			buildRules = (
			);
			dependencies = (
				432C56F52AE1439100240053 /* PBXTargetDependency */,
			);
			name = GeneralSurgeryTests;
			productName = GeneralSurgeryTests;
			productReference = 432C56F32AE1439100240053 /* GeneralSurgeryTests.xctest */;
			productType = "com.apple.product-type.bundle.unit-test";
		};
		432C56FC2AE1439100240053 /* GeneralSurgeryUITests */ = {
			isa = PBXNativeTarget;
			buildConfigurationList = 432C570D2AE1439100240053 /* Build configuration list for PBXNativeTarget "GeneralSurgeryUITests" */;
			buildPhases = (
				432C56F92AE1439100240053 /* Sources */,
				432C56FA2AE1439100240053 /* Frameworks */,
				432C56FB2AE1439100240053 /* Resources */,
			);
			buildRules = (
			);
			dependencies = (
				432C56FF2AE1439100240053 /* PBXTargetDependency */,
			);
			name = GeneralSurgeryUITests;
			productName = GeneralSurgeryUITests;
			productReference = 432C56FD2AE1439100240053 /* GeneralSurgeryUITests.xctest */;
			productType = "com.apple.product-type.bundle.ui-testing";
		};
/* End PBXNativeTarget section */

/* Begin PBXProject section */
		432C56DA2AE1439000240053 /* Project object */ = {
			isa = PBXProject;
			attributes = {
				BuildIndependentTargetsInParallel = 1;
				LastSwiftUpdateCheck = 1500;
				LastUpgradeCheck = 1500;
				TargetAttributes = {
					432C56E12AE1439000240053 = {
						CreatedOnToolsVersion = 15.0;
					};
					432C56F22AE1439100240053 = {
						CreatedOnToolsVersion = 15.0;
						TestTargetID = 432C56E12AE1439000240053;
					};
					432C56FC2AE1439100240053 = {
						CreatedOnToolsVersion = 15.0;
						TestTargetID = 432C56E12AE1439000240053;
					};
				};
			};
			buildConfigurationList = 432C56DD2AE1439000240053 /* Build configuration list for PBXProject "GeneralSurgery" */;
			compatibilityVersion = "Xcode 14.0";
			developmentRegion = en;
			hasScannedForEncodings = 0;
			knownRegions = (
				en,
				Base,
			);
			mainGroup = 432C56D92AE1439000240053;
			packageReferences = (
				432C57102AE1442B00240053 /* XCRemoteSwiftPackageReference "LoremSwiftum" */,
			);
			productRefGroup = 432C56E32AE1439000240053 /* Products */;
			projectDirPath = "";
			projectRoot = "";
			targets = (
				432C56E12AE1439000240053 /* GeneralSurgery */,
				432C56F22AE1439100240053 /* GeneralSurgeryTests */,
				432C56FC2AE1439100240053 /* GeneralSurgeryUITests */,
			);
		};
/* End PBXProject section */

/* Begin PBXResourcesBuildPhase section */
		432C56E02AE1439000240053 /* Resources */ = {
			isa = PBXResourcesBuildPhase;
			buildActionMask = 2147483647;
			files = (
				432C56EE2AE1439100240053 /* Preview Assets.xcassets in Resources */,
				432C56EA2AE1439100240053 /* Assets.xcassets in Resources */,
			);
			runOnlyForDeploymentPostprocessing = 0;
		};
		432C56F12AE1439100240053 /* Resources */ = {
			isa = PBXResourcesBuildPhase;
			buildActionMask = 2147483647;
			files = (
			);
			runOnlyForDeploymentPostprocessing = 0;
		};
		432C56FB2AE1439100240053 /* Resources */ = {
			isa = PBXResourcesBuildPhase;
			buildActionMask = 2147483647;
			files = (
			);
			runOnlyForDeploymentPostprocessing = 0;
		};
/* End PBXResourcesBuildPhase section */

/* Begin PBXSourcesBuildPhase section */
		432C56DE2AE1439000240053 /* Sources */ = {
			isa = PBXSourcesBuildPhase;
			buildActionMask = 2147483647;
			files = (
				432C56E82AE1439000240053 /* ContentView.swift in Sources */,
				432C57142AE162F700240053 /* DetailedView.swift in Sources */,
				432C56E62AE1439000240053 /* GeneralSurgeryApp.swift in Sources */,
			);
			runOnlyForDeploymentPostprocessing = 0;
		};
		432C56EF2AE1439100240053 /* Sources */ = {
			isa = PBXSourcesBuildPhase;
			buildActionMask = 2147483647;
			files = (
				432C56F82AE1439100240053 /* GeneralSurgeryTests.swift in Sources */,
			);
			runOnlyForDeploymentPostprocessing = 0;
		};
		432C56F92AE1439100240053 /* Sources */ = {
			isa = PBXSourcesBuildPhase;
			buildActionMask = 2147483647;
			files = (
				432C57022AE1439100240053 /* GeneralSurgeryUITests.swift in Sources */,
				432C57042AE1439100240053 /* GeneralSurgeryUITestsLaunchTests.swift in Sources */,
			);
			runOnlyForDeploymentPostprocessing = 0;
		};
/* End PBXSourcesBuildPhase section */

/* Begin PBXTargetDependency section */
		432C56F52AE1439100240053 /* PBXTargetDependency */ = {
			isa = PBXTargetDependency;
			target = 432C56E12AE1439000240053 /* GeneralSurgery */;
			targetProxy = 432C56F42AE1439100240053 /* PBXContainerItemProxy */;
		};
		432C56FF2AE1439100240053 /* PBXTargetDependency */ = {
			isa = PBXTargetDependency;
			target = 432C56E12AE1439000240053 /* GeneralSurgery */;
			targetProxy = 432C56FE2AE1439100240053 /* PBXContainerItemProxy */;
		};
/* End PBXTargetDependency section */

/* Begin XCBuildConfiguration section */
		432C57052AE1439100240053 /* Debug */ = {
			isa = XCBuildConfiguration;
			buildSettings = {
				ALWAYS_SEARCH_USER_PATHS = NO;
				ASSETCATALOG_COMPILER_GENERATE_SWIFT_ASSET_SYMBOL_EXTENSIONS = YES;
				CLANG_ANALYZER_NONNULL = YES;
				CLANG_ANALYZER_NUMBER_OBJECT_CONVERSION = YES_AGGRESSIVE;
				CLANG_CXX_LANGUAGE_STANDARD = "gnu++20";
				CLANG_ENABLE_MODULES = YES;
				CLANG_ENABLE_OBJC_ARC = YES;
				CLANG_ENABLE_OBJC_WEAK = YES;
				CLANG_WARN_BLOCK_CAPTURE_AUTORELEASING = YES;
				CLANG_WARN_BOOL_CONVERSION = YES;
				CLANG_WARN_COMMA = YES;
				CLANG_WARN_CONSTANT_CONVERSION = YES;
				CLANG_WARN_DEPRECATED_OBJC_IMPLEMENTATIONS = YES;
				CLANG_WARN_DIRECT_OBJC_ISA_USAGE = YES_ERROR;
				CLANG_WARN_DOCUMENTATION_COMMENTS = YES;
				CLANG_WARN_EMPTY_BODY = YES;
				CLANG_WARN_ENUM_CONVERSION = YES;
				CLANG_WARN_INFINITE_RECURSION = YES;
				CLANG_WARN_INT_CONVERSION = YES;
				CLANG_WARN_NON_LITERAL_NULL_CONVERSION = YES;
				CLANG_WARN_OBJC_IMPLICIT_RETAIN_SELF = YES;
				CLANG_WARN_OBJC_LITERAL_CONVERSION = YES;
				CLANG_WARN_OBJC_ROOT_CLASS = YES_ERROR;
				CLANG_WARN_QUOTED_INCLUDE_IN_FRAMEWORK_HEADER = YES;
				CLANG_WARN_RANGE_LOOP_ANALYSIS = YES;
				CLANG_WARN_STRICT_PROTOTYPES = YES;
				CLANG_WARN_SUSPICIOUS_MOVE = YES;
				CLANG_WARN_UNGUARDED_AVAILABILITY = YES_AGGRESSIVE;
				CLANG_WARN_UNREACHABLE_CODE = YES;
				CLANG_WARN__DUPLICATE_METHOD_MATCH = YES;
				COPY_PHASE_STRIP = NO;
				DEBUG_INFORMATION_FORMAT = dwarf;
				ENABLE_STRICT_OBJC_MSGSEND = YES;
				ENABLE_TESTABILITY = YES;
				ENABLE_USER_SCRIPT_SANDBOXING = YES;
				GCC_C_LANGUAGE_STANDARD = gnu17;
				GCC_DYNAMIC_NO_PIC = NO;
				GCC_NO_COMMON_BLOCKS = YES;
				GCC_OPTIMIZATION_LEVEL = 0;
				GCC_PREPROCESSOR_DEFINITIONS = (
					"DEBUG=1",
					"$(inherited)",
				);
				GCC_WARN_64_TO_32_BIT_CONVERSION = YES;
				GCC_WARN_ABOUT_RETURN_TYPE = YES_ERROR;
				GCC_WARN_UNDECLARED_SELECTOR = YES;
				GCC_WARN_UNINITIALIZED_AUTOS = YES_AGGRESSIVE;
				GCC_WARN_UNUSED_FUNCTION = YES;
				GCC_WARN_UNUSED_VARIABLE = YES;
				LOCALIZATION_PREFERS_STRING_CATALOGS = YES;
				MTL_ENABLE_DEBUG_INFO = INCLUDE_SOURCE;
				MTL_FAST_MATH = YES;
				ONLY_ACTIVE_ARCH = YES;
				SWIFT_ACTIVE_COMPILATION_CONDITIONS = "DEBUG $(inherited)";
				SWIFT_OPTIMIZATION_LEVEL = "-Onone";
			};
			name = Debug;
		};
		432C57062AE1439100240053 /* Release */ = {
			isa = XCBuildConfiguration;
			buildSettings = {
				ALWAYS_SEARCH_USER_PATHS = NO;
				ASSETCATALOG_COMPILER_GENERATE_SWIFT_ASSET_SYMBOL_EXTENSIONS = YES;
				CLANG_ANALYZER_NONNULL = YES;
				CLANG_ANALYZER_NUMBER_OBJECT_CONVERSION = YES_AGGRESSIVE;
				CLANG_CXX_LANGUAGE_STANDARD = "gnu++20";
				CLANG_ENABLE_MODULES = YES;
				CLANG_ENABLE_OBJC_ARC = YES;
				CLANG_ENABLE_OBJC_WEAK = YES;
				CLANG_WARN_BLOCK_CAPTURE_AUTORELEASING = YES;
				CLANG_WARN_BOOL_CONVERSION = YES;
				CLANG_WARN_COMMA = YES;
				CLANG_WARN_CONSTANT_CONVERSION = YES;
				CLANG_WARN_DEPRECATED_OBJC_IMPLEMENTATIONS = YES;
				CLANG_WARN_DIRECT_OBJC_ISA_USAGE = YES_ERROR;
				CLANG_WARN_DOCUMENTATION_COMMENTS = YES;
				CLANG_WARN_EMPTY_BODY = YES;
				CLANG_WARN_ENUM_CONVERSION = YES;
				CLANG_WARN_INFINITE_RECURSION = YES;
				CLANG_WARN_INT_CONVERSION = YES;
				CLANG_WARN_NON_LITERAL_NULL_CONVERSION = YES;
				CLANG_WARN_OBJC_IMPLICIT_RETAIN_SELF = YES;
				CLANG_WARN_OBJC_LITERAL_CONVERSION = YES;
				CLANG_WARN_OBJC_ROOT_CLASS = YES_ERROR;
				CLANG_WARN_QUOTED_INCLUDE_IN_FRAMEWORK_HEADER = YES;
				CLANG_WARN_RANGE_LOOP_ANALYSIS = YES;
				CLANG_WARN_STRICT_PROTOTYPES = YES;
				CLANG_WARN_SUSPICIOUS_MOVE = YES;
				CLANG_WARN_UNGUARDED_AVAILABILITY = YES_AGGRESSIVE;
				CLANG_WARN_UNREACHABLE_CODE = YES;
				CLANG_WARN__DUPLICATE_METHOD_MATCH = YES;
				COPY_PHASE_STRIP = NO;
				DEBUG_INFORMATION_FORMAT = "dwarf-with-dsym";
				ENABLE_NS_ASSERTIONS = NO;
				ENABLE_STRICT_OBJC_MSGSEND = YES;
				ENABLE_USER_SCRIPT_SANDBOXING = YES;
				GCC_C_LANGUAGE_STANDARD = gnu17;
				GCC_NO_COMMON_BLOCKS = YES;
				GCC_WARN_64_TO_32_BIT_CONVERSION = YES;
				GCC_WARN_ABOUT_RETURN_TYPE = YES_ERROR;
				GCC_WARN_UNDECLARED_SELECTOR = YES;
				GCC_WARN_UNINITIALIZED_AUTOS = YES_AGGRESSIVE;
				GCC_WARN_UNUSED_FUNCTION = YES;
				GCC_WARN_UNUSED_VARIABLE = YES;
				LOCALIZATION_PREFERS_STRING_CATALOGS = YES;
				MTL_ENABLE_DEBUG_INFO = NO;
				MTL_FAST_MATH = YES;
				SWIFT_COMPILATION_MODE = wholemodule;
			};
			name = Release;
		};
		432C57082AE1439100240053 /* Debug */ = {
			isa = XCBuildConfiguration;
			buildSettings = {
				ASSETCATALOG_COMPILER_APPICON_NAME = AppIcon;
				ASSETCATALOG_COMPILER_GLOBAL_ACCENT_COLOR_NAME = AccentColor;
				CODE_SIGN_ENTITLEMENTS = GeneralSurgery/GeneralSurgery.entitlements;
				CODE_SIGN_STYLE = Automatic;
				CURRENT_PROJECT_VERSION = 1;
				DEVELOPMENT_ASSET_PATHS = "\"GeneralSurgery/Preview Content\"";
				DEVELOPMENT_TEAM = 87V5HNWZGZ;
				ENABLE_PREVIEWS = YES;
				GENERATE_INFOPLIST_FILE = YES;
				"INFOPLIST_KEY_UIApplicationSceneManifest_Generation[sdk=iphoneos*]" = YES;
				"INFOPLIST_KEY_UIApplicationSceneManifest_Generation[sdk=iphonesimulator*]" = YES;
				"INFOPLIST_KEY_UIApplicationSupportsIndirectInputEvents[sdk=iphoneos*]" = YES;
				"INFOPLIST_KEY_UIApplicationSupportsIndirectInputEvents[sdk=iphonesimulator*]" = YES;
				"INFOPLIST_KEY_UILaunchScreen_Generation[sdk=iphoneos*]" = YES;
				"INFOPLIST_KEY_UILaunchScreen_Generation[sdk=iphonesimulator*]" = YES;
				"INFOPLIST_KEY_UIStatusBarStyle[sdk=iphoneos*]" = UIStatusBarStyleDefault;
				"INFOPLIST_KEY_UIStatusBarStyle[sdk=iphonesimulator*]" = UIStatusBarStyleDefault;
				INFOPLIST_KEY_UISupportedInterfaceOrientations_iPad = "UIInterfaceOrientationPortrait UIInterfaceOrientationPortraitUpsideDown UIInterfaceOrientationLandscapeLeft UIInterfaceOrientationLandscapeRight";
				INFOPLIST_KEY_UISupportedInterfaceOrientations_iPhone = "UIInterfaceOrientationPortrait UIInterfaceOrientationLandscapeLeft UIInterfaceOrientationLandscapeRight";
				IPHONEOS_DEPLOYMENT_TARGET = 17.0;
				LD_RUNPATH_SEARCH_PATHS = "@executable_path/Frameworks";
				"LD_RUNPATH_SEARCH_PATHS[sdk=macosx*]" = "@executable_path/../Frameworks";
				MACOSX_DEPLOYMENT_TARGET = 14.0;
				MARKETING_VERSION = 1.0;
				PRODUCT_BUNDLE_IDENTIFIER = com.rowanne.GeneralSurgery;
				PRODUCT_NAME = "$(TARGET_NAME)";
				SDKROOT = auto;
				SUPPORTED_PLATFORMS = "iphoneos iphonesimulator macosx";
				SWIFT_EMIT_LOC_STRINGS = YES;
				SWIFT_VERSION = 5.0;
				TARGETED_DEVICE_FAMILY = "1,2";
			};
			name = Debug;
		};
		432C57092AE1439100240053 /* Release */ = {
			isa = XCBuildConfiguration;
			buildSettings = {
				ASSETCATALOG_COMPILER_APPICON_NAME = AppIcon;
				ASSETCATALOG_COMPILER_GLOBAL_ACCENT_COLOR_NAME = AccentColor;
				CODE_SIGN_ENTITLEMENTS = GeneralSurgery/GeneralSurgery.entitlements;
				CODE_SIGN_STYLE = Automatic;
				CURRENT_PROJECT_VERSION = 1;
				DEVELOPMENT_ASSET_PATHS = "\"GeneralSurgery/Preview Content\"";
				DEVELOPMENT_TEAM = 87V5HNWZGZ;
				ENABLE_PREVIEWS = YES;
				GENERATE_INFOPLIST_FILE = YES;
				"INFOPLIST_KEY_UIApplicationSceneManifest_Generation[sdk=iphoneos*]" = YES;
				"INFOPLIST_KEY_UIApplicationSceneManifest_Generation[sdk=iphonesimulator*]" = YES;
				"INFOPLIST_KEY_UIApplicationSupportsIndirectInputEvents[sdk=iphoneos*]" = YES;
				"INFOPLIST_KEY_UIApplicationSupportsIndirectInputEvents[sdk=iphonesimulator*]" = YES;
				"INFOPLIST_KEY_UILaunchScreen_Generation[sdk=iphoneos*]" = YES;
				"INFOPLIST_KEY_UILaunchScreen_Generation[sdk=iphonesimulator*]" = YES;
				"INFOPLIST_KEY_UIStatusBarStyle[sdk=iphoneos*]" = UIStatusBarStyleDefault;
				"INFOPLIST_KEY_UIStatusBarStyle[sdk=iphonesimulator*]" = UIStatusBarStyleDefault;
				INFOPLIST_KEY_UISupportedInterfaceOrientations_iPad = "UIInterfaceOrientationPortrait UIInterfaceOrientationPortraitUpsideDown UIInterfaceOrientationLandscapeLeft UIInterfaceOrientationLandscapeRight";
				INFOPLIST_KEY_UISupportedInterfaceOrientations_iPhone = "UIInterfaceOrientationPortrait UIInterfaceOrientationLandscapeLeft UIInterfaceOrientationLandscapeRight";
				IPHONEOS_DEPLOYMENT_TARGET = 17.0;
				LD_RUNPATH_SEARCH_PATHS = "@executable_path/Frameworks";
				"LD_RUNPATH_SEARCH_PATHS[sdk=macosx*]" = "@executable_path/../Frameworks";
				MACOSX_DEPLOYMENT_TARGET = 14.0;
				MARKETING_VERSION = 1.0;
				PRODUCT_BUNDLE_IDENTIFIER = com.rowanne.GeneralSurgery;
				PRODUCT_NAME = "$(TARGET_NAME)";
				SDKROOT = auto;
				SUPPORTED_PLATFORMS = "iphoneos iphonesimulator macosx";
				SWIFT_EMIT_LOC_STRINGS = YES;
				SWIFT_VERSION = 5.0;
				TARGETED_DEVICE_FAMILY = "1,2";
			};
			name = Release;
		};
		432C570B2AE1439100240053 /* Debug */ = {
			isa = XCBuildConfiguration;
			buildSettings = {
				ALWAYS_EMBED_SWIFT_STANDARD_LIBRARIES = YES;
				BUNDLE_LOADER = "$(TEST_HOST)";
				CODE_SIGN_STYLE = Automatic;
				CURRENT_PROJECT_VERSION = 1;
				GENERATE_INFOPLIST_FILE = YES;
				IPHONEOS_DEPLOYMENT_TARGET = 17.0;
				MACOSX_DEPLOYMENT_TARGET = 14.0;
				MARKETING_VERSION = 1.0;
				PRODUCT_BUNDLE_IDENTIFIER = com.rowanne.GeneralSurgeryTests;
				PRODUCT_NAME = "$(TARGET_NAME)";
				SDKROOT = auto;
				SUPPORTED_PLATFORMS = "iphoneos iphonesimulator macosx";
				SWIFT_EMIT_LOC_STRINGS = NO;
				SWIFT_VERSION = 5.0;
				TARGETED_DEVICE_FAMILY = "1,2";
				TEST_HOST = "$(BUILT_PRODUCTS_DIR)/GeneralSurgery.app/$(BUNDLE_EXECUTABLE_FOLDER_PATH)/GeneralSurgery";
			};
			name = Debug;
		};
		432C570C2AE1439100240053 /* Release */ = {
			isa = XCBuildConfiguration;
			buildSettings = {
				ALWAYS_EMBED_SWIFT_STANDARD_LIBRARIES = YES;
				BUNDLE_LOADER = "$(TEST_HOST)";
				CODE_SIGN_STYLE = Automatic;
				CURRENT_PROJECT_VERSION = 1;
				GENERATE_INFOPLIST_FILE = YES;
				IPHONEOS_DEPLOYMENT_TARGET = 17.0;
				MACOSX_DEPLOYMENT_TARGET = 14.0;
				MARKETING_VERSION = 1.0;
				PRODUCT_BUNDLE_IDENTIFIER = com.rowanne.GeneralSurgeryTests;
				PRODUCT_NAME = "$(TARGET_NAME)";
				SDKROOT = auto;
				SUPPORTED_PLATFORMS = "iphoneos iphonesimulator macosx";
				SWIFT_EMIT_LOC_STRINGS = NO;
				SWIFT_VERSION = 5.0;
				TARGETED_DEVICE_FAMILY = "1,2";
				TEST_HOST = "$(BUILT_PRODUCTS_DIR)/GeneralSurgery.app/$(BUNDLE_EXECUTABLE_FOLDER_PATH)/GeneralSurgery";
			};
			name = Release;
		};
		432C570E2AE1439100240053 /* Debug */ = {
			isa = XCBuildConfiguration;
			buildSettings = {
				ALWAYS_EMBED_SWIFT_STANDARD_LIBRARIES = YES;
				CODE_SIGN_STYLE = Automatic;
				CURRENT_PROJECT_VERSION = 1;
				GENERATE_INFOPLIST_FILE = YES;
				IPHONEOS_DEPLOYMENT_TARGET = 17.0;
				MACOSX_DEPLOYMENT_TARGET = 14.0;
				MARKETING_VERSION = 1.0;
				PRODUCT_BUNDLE_IDENTIFIER = com.rowanne.GeneralSurgeryUITests;
				PRODUCT_NAME = "$(TARGET_NAME)";
				SDKROOT = auto;
				SUPPORTED_PLATFORMS = "iphoneos iphonesimulator macosx";
				SWIFT_EMIT_LOC_STRINGS = NO;
				SWIFT_VERSION = 5.0;
				TARGETED_DEVICE_FAMILY = "1,2";
				TEST_TARGET_NAME = GeneralSurgery;
			};
			name = Debug;
		};
		432C570F2AE1439100240053 /* Release */ = {
			isa = XCBuildConfiguration;
			buildSettings = {
				ALWAYS_EMBED_SWIFT_STANDARD_LIBRARIES = YES;
				CODE_SIGN_STYLE = Automatic;
				CURRENT_PROJECT_VERSION = 1;
				GENERATE_INFOPLIST_FILE = YES;
				IPHONEOS_DEPLOYMENT_TARGET = 17.0;
				MACOSX_DEPLOYMENT_TARGET = 14.0;
				MARKETING_VERSION = 1.0;
				PRODUCT_BUNDLE_IDENTIFIER = com.rowanne.GeneralSurgeryUITests;
				PRODUCT_NAME = "$(TARGET_NAME)";
				SDKROOT = auto;
				SUPPORTED_PLATFORMS = "iphoneos iphonesimulator macosx";
				SWIFT_EMIT_LOC_STRINGS = NO;
				SWIFT_VERSION = 5.0;
				TARGETED_DEVICE_FAMILY = "1,2";
				TEST_TARGET_NAME = GeneralSurgery;
			};
			name = Release;
		};
/* End XCBuildConfiguration section */

/* Begin XCConfigurationList section */
		432C56DD2AE1439000240053 /* Build configuration list for PBXProject "GeneralSurgery" */ = {
			isa = XCConfigurationList;
			buildConfigurations = (
				432C57052AE1439100240053 /* Debug */,
				432C57062AE1439100240053 /* Release */,
			);
			defaultConfigurationIsVisible = 0;
			defaultConfigurationName = Release;
		};
		432C57072AE1439100240053 /* Build configuration list for PBXNativeTarget "GeneralSurgery" */ = {
			isa = XCConfigurationList;
			buildConfigurations = (
				432C57082AE1439100240053 /* Debug */,
				432C57092AE1439100240053 /* Release */,
			);
			defaultConfigurationIsVisible = 0;
			defaultConfigurationName = Release;
		};
		432C570A2AE1439100240053 /* Build configuration list for PBXNativeTarget "GeneralSurgeryTests" */ = {
			isa = XCConfigurationList;
			buildConfigurations = (
				432C570B2AE1439100240053 /* Debug */,
				432C570C2AE1439100240053 /* Release */,
			);
			defaultConfigurationIsVisible = 0;
			defaultConfigurationName = Release;
		};
		432C570D2AE1439100240053 /* Build configuration list for PBXNativeTarget "GeneralSurgeryUITests" */ = {
			isa = XCConfigurationList;
			buildConfigurations = (
				432C570E2AE1439100240053 /* Debug */,
				432C570F2AE1439100240053 /* Release */,
			);
			defaultConfigurationIsVisible = 0;
			defaultConfigurationName = Release;
		};
/* End XCConfigurationList section */

/* Begin XCRemoteSwiftPackageReference section */
		432C57102AE1442B00240053 /* XCRemoteSwiftPackageReference "LoremSwiftum" */ = {
			isa = XCRemoteSwiftPackageReference;
			repositoryURL = "https://github.com/lukaskubanek/LoremSwiftum";
			requirement = {
				branch = master;
				kind = branch;
			};
		};
/* End XCRemoteSwiftPackageReference section */

/* Begin XCSwiftPackageProductDependency section */
		432C57112AE1442B00240053 /* LoremSwiftum */ = {
			isa = XCSwiftPackageProductDependency;
			package = 432C57102AE1442B00240053 /* XCRemoteSwiftPackageReference "LoremSwiftum" */;
			productName = LoremSwiftum;
		};
/* End XCSwiftPackageProductDependency section */
	};
	rootObject = 432C56DA2AE1439000240053 /* Project object */;
}
